
Microsoft Visual Studio Solution File, Format Version 12.00
# Visual Studio Version 17
VisualStudioVersion = 17.0.31903.59
MinimumVisualStudioVersion = 10.0.40219.1
Project("{2150E333-8FDC-42A3-9474-1A3956D46DE8}") = "src", "src", "{C2017827-D8F8-4DA0-887A-6C813139E4F6}"
EndProject
Project("{FAE04EC0-301F-11D3-BF4B-00C04F79EFBC}") = "TD.store.Domain", "src\TD.store.Domain\TD.store.Domain.csproj", "{F7307A9C-F253-4FE5-8B2D-79F9E2F46E46}"
EndProject
Project("{2150E333-8FDC-42A3-9474-1A3956D46DE8}") = "tests", "tests", "{2E7770A8-D4BA-4EB1-94A9-16E6A012AF2B}"
EndProject
Project("{FAE04EC0-301F-11D3-BF4B-00C04F79EFBC}") = "TD.store.Domain.Tests", "tests\TD.store.Domain.Tests\TD.store.Domain.Tests.csproj", "{C885B015-C05A-4422-BC80-5505BE857B12}"
EndProject
Project("{2150E333-8FDC-42A3-9474-1A3956D46DE8}") = "docs", "docs", "{D653A4D7-DC2B-4E64-B6CB-D373F82FAA5F}"
	ProjectSection(SolutionItems) = preProject
		docs\DiagramaUML.svg = docs\DiagramaUML.svg
	EndProjectSection
EndProject
Global
	GlobalSection(SolutionConfigurationPlatforms) = preSolution
		Debug|Any CPU = Debug|Any CPU
		Release|Any CPU = Release|Any CPU
	EndGlobalSection
	GlobalSection(SolutionProperties) = preSolution
		HideSolutionNode = FALSE
	EndGlobalSection
	GlobalSection(NestedProjects) = preSolution
		{F7307A9C-F253-4FE5-8B2D-79F9E2F46E46} = {C2017827-D8F8-4DA0-887A-6C813139E4F6}
		{C885B015-C05A-4422-BC80-5505BE857B12} = {2E7770A8-D4BA-4EB1-94A9-16E6A012AF2B}
	EndGlobalSection
	GlobalSection(ProjectConfigurationPlatforms) = postSolution
		{F7307A9C-F253-4FE5-8B2D-79F9E2F46E46}.Debug|Any CPU.ActiveCfg = Debug|Any CPU
		{F7307A9C-F253-4FE5-8B2D-79F9E2F46E46}.Debug|Any CPU.Build.0 = Debug|Any CPU
		{F7307A9C-F253-4FE5-8B2D-79F9E2F46E46}.Release|Any CPU.ActiveCfg = Release|Any CPU
		{F7307A9C-F253-4FE5-8B2D-79F9E2F46E46}.Release|Any CPU.Build.0 = Release|Any CPU
		{C885B015-C05A-4422-BC80-5505BE857B12}.Debug|Any CPU.ActiveCfg = Debug|Any CPU
		{C885B015-C05A-4422-BC80-5505BE857B12}.Debug|Any CPU.Build.0 = Debug|Any CPU
		{C885B015-C05A-4422-BC80-5505BE857B12}.Release|Any CPU.ActiveCfg = Release|Any CPU
		{C885B015-C05A-4422-BC80-5505BE857B12}.Release|Any CPU.Build.0 = Release|Any CPU
	EndGlobalSection
EndGlobal
